// !$*UTF8*$!
{
	archiveVersion = 1;
	classes = {
	};
	objectVersion = 77;
	objects = {

/* Begin PBXBuildFile section */
		09E1B73625A7763A1540B439 /* TranslatedLyricService.swift in Sources */ = {isa = PBXBuildFile; fileRef = 64D29B89BB0B4E5EA3B63BF0 /* TranslatedLyricService.swift */; };
		0D494682CBE48EED23E39884 /* SettingsView.swift in Sources */ = {isa = PBXBuildFile; fileRef = 89D6BC76B11AD6A01123C28C /* SettingsView.swift */; };
		14EA7F13ADD3A5FE534720F6 /* LyricService.swift in Sources */ = {isa = PBXBuildFile; fileRef = 104DE3B7627C722E619BD114 /* LyricService.swift */; };
		276AD4288F29B3FD49591FC0 /* ChartService.swift in Sources */ = {isa = PBXBuildFile; fileRef = CE4AC6EB35F4EA82769424A9 /* ChartService.swift */; };
		30639523F815596766260C9E /* KeychainService.swift in Sources */ = {isa = PBXBuildFile; fileRef = 9016F1DBE55F1BADE699B58E /* KeychainService.swift */; };
		346C9E27177EB9EFEF5CE666 /* SearchService.swift in Sources */ = {isa = PBXBuildFile; fileRef = 53AC07037D3252DAAF90D526 /* SearchService.swift */; };
		3561B4C37AD5E6A919C2DB41 /* LyricState.swift in Sources */ = {isa = PBXBuildFile; fileRef = A5FA77C36D09133392B6CD6A /* LyricState.swift */; };
		3924F083ED2D4DB4B38B9E6B /* ChartListView.swift in Sources */ = {isa = PBXBuildFile; fileRef = 5B2A17F832F34AFBB2DA7A0E /* ChartListView.swift */; };
		48218BBEC5ABF9F5F02F2FFB /* LoginView.swift in Sources */ = {isa = PBXBuildFile; fileRef = 07A0B1F43832FFA376ABC00C /* LoginView.swift */; };
		5051181509AB78E1A88769AA /* TimeFormatUtil.swift in Sources */ = {isa = PBXBuildFile; fileRef = BA01BB9BC465DB690F3B2580 /* TimeFormatUtil.swift */; };
		59EA866EC978A913FC126145 /* MusicPlayerService.swift in Sources */ = {isa = PBXBuildFile; fileRef = A5740767F3397AF81A5E5A49 /* MusicPlayerService.swift */; };
		5D7AD9F25341A2F9A90508D4 /* Secrets.swift in Sources */ = {isa = PBXBuildFile; fileRef = 93B368769D2746AA8FC6CF07 /* Secrets.swift */; };
		673BCCD1A311F60FD90154E8 /* FullPlayerView.swift in Sources */ = {isa = PBXBuildFile; fileRef = 4078ADD2CBB2D795511A9146 /* FullPlayerView.swift */; };
		6AED2C5069ECD44864DE6D30 /* TranslationInputView.swift in Sources */ = {isa = PBXBuildFile; fileRef = 01A75D61D9208373395B2A92 /* TranslationInputView.swift */; };
		7A8B0342F0CA31608084365B /* SongRowView.swift in Sources */ = {isa = PBXBuildFile; fileRef = A4092EB534D4C008F088602F /* SongRowView.swift */; };
		803835335A7B55F429E5A02F /* MiniPlayerView.swift in Sources */ = {isa = PBXBuildFile; fileRef = 0DDE2B5B5E6CD74D6200139F /* MiniPlayerView.swift */; };
		880C6B6C35A5F630B2F0CACE /* PlayerViewModel.swift in Sources */ = {isa = PBXBuildFile; fileRef = 814EB36A95525FEF0AA5EE5C /* PlayerViewModel.swift */; };
		94B898778F6A5D0CD25C51E8 /* AppLogger.swift in Sources */ = {isa = PBXBuildFile; fileRef = 51191FABDEDDDBC288730464 /* AppLogger.swift */; };
		953746B690527AAB8AB16E33 /* CachedAsyncImage.swift in Sources */ = {isa = PBXBuildFile; fileRef = 4823F67DD5B720B443112701 /* CachedAsyncImage.swift */; };
		9C17C3D918A455E7543C0E6D /* UserTranslationLine.swift in Sources */ = {isa = PBXBuildFile; fileRef = EC0E3ECA4BB7F09C41060B47 /* UserTranslationLine.swift */; };
		9C77FE40D5CE2515F7D3DF30 /* AuthService.swift in Sources */ = {isa = PBXBuildFile; fileRef = 76411C69CC5C9D7291CE0366 /* AuthService.swift */; };
		9CA730EA2609CD7F0C853403 /* LyricLine.swift in Sources */ = {isa = PBXBuildFile; fileRef = CE53BB3FCBC7E647879DD6D3 /* LyricLine.swift */; };
		AC33964236729C888B72A1D9 /* SongDetailView.swift in Sources */ = {isa = PBXBuildFile; fileRef = 45088F3D5FBC84C7CA6FB878 /* SongDetailView.swift */; };
		B5AAD7BCBC2CC7820B47D7C0 /* LyricSyncApp.swift in Sources */ = {isa = PBXBuildFile; fileRef = 410838B638613B640B2C35EA /* LyricSyncApp.swift */; };
		C6F8475D5D2BD70C678CE6DB /* TranslationMode.swift in Sources */ = {isa = PBXBuildFile; fileRef = 5176444F83B7B1D25CD87FDD /* TranslationMode.swift */; };
		CE51CBA48C0AE9CF6C765513 /* UserTranslationService.swift in Sources */ = {isa = PBXBuildFile; fileRef = 57F25AAE6E83E74F3C8A0A57 /* UserTranslationService.swift */; };
		D99817495EF00801611BDD8F /* Song.swift in Sources */ = {isa = PBXBuildFile; fileRef = 523B094384BCAEEF93813045 /* Song.swift */; };
		DDE06C078AAC3DA41FC2D53C /* LyricLineView.swift in Sources */ = {isa = PBXBuildFile; fileRef = 71F7FE273C0557D6FB8050D8 /* LyricLineView.swift */; };
		DF625431718CEEBDD6AC3446 /* ChartViewModel.swift in Sources */ = {isa = PBXBuildFile; fileRef = 4C84505F86BCEB8EC3E6FA0B /* ChartViewModel.swift */; };
/* End PBXBuildFile section */

/* Begin PBXFileReference section */
		01A75D61D9208373395B2A92 /* TranslationInputView.swift */ = {isa = PBXFileReference; lastKnownFileType = sourcecode.swift; path = TranslationInputView.swift; sourceTree = "<group>"; };
		07A0B1F43832FFA376ABC00C /* LoginView.swift */ = {isa = PBXFileReference; lastKnownFileType = sourcecode.swift; path = LoginView.swift; sourceTree = "<group>"; };
		0DDE2B5B5E6CD74D6200139F /* MiniPlayerView.swift */ = {isa = PBXFileReference; lastKnownFileType = sourcecode.swift; path = MiniPlayerView.swift; sourceTree = "<group>"; };
		104DE3B7627C722E619BD114 /* LyricService.swift */ = {isa = PBXFileReference; lastKnownFileType = sourcecode.swift; path = LyricService.swift; sourceTree = "<group>"; };
		4078ADD2CBB2D795511A9146 /* FullPlayerView.swift */ = {isa = PBXFileReference; lastKnownFileType = sourcecode.swift; path = FullPlayerView.swift; sourceTree = "<group>"; };
		410838B638613B640B2C35EA /* LyricSyncApp.swift */ = {isa = PBXFileReference; lastKnownFileType = sourcecode.swift; path = LyricSyncApp.swift; sourceTree = "<group>"; };
		45088F3D5FBC84C7CA6FB878 /* SongDetailView.swift */ = {isa = PBXFileReference; lastKnownFileType = sourcecode.swift; path = SongDetailView.swift; sourceTree = "<group>"; };
		4823F67DD5B720B443112701 /* CachedAsyncImage.swift */ = {isa = PBXFileReference; lastKnownFileType = sourcecode.swift; path = CachedAsyncImage.swift; sourceTree = "<group>"; };
		4C84505F86BCEB8EC3E6FA0B /* ChartViewModel.swift */ = {isa = PBXFileReference; lastKnownFileType = sourcecode.swift; path = ChartViewModel.swift; sourceTree = "<group>"; };
		51191FABDEDDDBC288730464 /* AppLogger.swift */ = {isa = PBXFileReference; lastKnownFileType = sourcecode.swift; path = AppLogger.swift; sourceTree = "<group>"; };
		5176444F83B7B1D25CD87FDD /* TranslationMode.swift */ = {isa = PBXFileReference; lastKnownFileType = sourcecode.swift; path = TranslationMode.swift; sourceTree = "<group>"; };
		523B094384BCAEEF93813045 /* Song.swift */ = {isa = PBXFileReference; lastKnownFileType = sourcecode.swift; path = Song.swift; sourceTree = "<group>"; };
		53AC07037D3252DAAF90D526 /* SearchService.swift */ = {isa = PBXFileReference; lastKnownFileType = sourcecode.swift; path = SearchService.swift; sourceTree = "<group>"; };
		57F25AAE6E83E74F3C8A0A57 /* UserTranslationService.swift */ = {isa = PBXFileReference; lastKnownFileType = sourcecode.swift; path = UserTranslationService.swift; sourceTree = "<group>"; };
		5B2A17F832F34AFBB2DA7A0E /* ChartListView.swift */ = {isa = PBXFileReference; lastKnownFileType = sourcecode.swift; path = ChartListView.swift; sourceTree = "<group>"; };
		64D29B89BB0B4E5EA3B63BF0 /* TranslatedLyricService.swift */ = {isa = PBXFileReference; lastKnownFileType = sourcecode.swift; path = TranslatedLyricService.swift; sourceTree = "<group>"; };
		71F7FE273C0557D6FB8050D8 /* LyricLineView.swift */ = {isa = PBXFileReference; lastKnownFileType = sourcecode.swift; path = LyricLineView.swift; sourceTree = "<group>"; };
		76411C69CC5C9D7291CE0366 /* AuthService.swift */ = {isa = PBXFileReference; lastKnownFileType = sourcecode.swift; path = AuthService.swift; sourceTree = "<group>"; };
		814EB36A95525FEF0AA5EE5C /* PlayerViewModel.swift */ = {isa = PBXFileReference; lastKnownFileType = sourcecode.swift; path = PlayerViewModel.swift; sourceTree = "<group>"; };
		89D6BC76B11AD6A01123C28C /* SettingsView.swift */ = {isa = PBXFileReference; lastKnownFileType = sourcecode.swift; path = SettingsView.swift; sourceTree = "<group>"; };
		9016F1DBE55F1BADE699B58E /* KeychainService.swift */ = {isa = PBXFileReference; lastKnownFileType = sourcecode.swift; path = KeychainService.swift; sourceTree = "<group>"; };
		931C6039DF565CCAAC99F625 /* LyricSync.entitlements */ = {isa = PBXFileReference; lastKnownFileType = text.plist.entitlements; path = LyricSync.entitlements; sourceTree = "<group>"; };
		93B368769D2746AA8FC6CF07 /* Secrets.swift */ = {isa = PBXFileReference; lastKnownFileType = sourcecode.swift; path = Secrets.swift; sourceTree = "<group>"; };
		A4092EB534D4C008F088602F /* SongRowView.swift */ = {isa = PBXFileReference; lastKnownFileType = sourcecode.swift; path = SongRowView.swift; sourceTree = "<group>"; };
		A5740767F3397AF81A5E5A49 /* MusicPlayerService.swift */ = {isa = PBXFileReference; lastKnownFileType = sourcecode.swift; path = MusicPlayerService.swift; sourceTree = "<group>"; };
		A5FA77C36D09133392B6CD6A /* LyricState.swift */ = {isa = PBXFileReference; lastKnownFileType = sourcecode.swift; path = LyricState.swift; sourceTree = "<group>"; };
		BA01BB9BC465DB690F3B2580 /* TimeFormatUtil.swift */ = {isa = PBXFileReference; lastKnownFileType = sourcecode.swift; path = TimeFormatUtil.swift; sourceTree = "<group>"; };
		C94FB79C975509C69FC9B705 /* LyricSync.app */ = {isa = PBXFileReference; includeInIndex = 0; lastKnownFileType = wrapper.application; path = LyricSync.app; sourceTree = BUILT_PRODUCTS_DIR; };
		CE4AC6EB35F4EA82769424A9 /* ChartService.swift */ = {isa = PBXFileReference; lastKnownFileType = sourcecode.swift; path = ChartService.swift; sourceTree = "<group>"; };
		CE53BB3FCBC7E647879DD6D3 /* LyricLine.swift */ = {isa = PBXFileReference; lastKnownFileType = sourcecode.swift; path = LyricLine.swift; sourceTree = "<group>"; };
		EC0E3ECA4BB7F09C41060B47 /* UserTranslationLine.swift */ = {isa = PBXFileReference; lastKnownFileType = sourcecode.swift; path = UserTranslationLine.swift; sourceTree = "<group>"; };
		F6A3F54036DA3B2A61EA7A69 /* Info.plist */ = {isa = PBXFileReference; lastKnownFileType = text.plist; path = Info.plist; sourceTree = "<group>"; };
/* End PBXFileReference section */

/* Begin PBXGroup section */
		1B879656AD5890FB27D9631C /* Detail */ = {
			isa = PBXGroup;
			children = (
				45088F3D5FBC84C7CA6FB878 /* SongDetailView.swift */,
			);
			path = Detail;
			sourceTree = "<group>";
		};
		1C8CF8941A2B71C1B418417F /* Sources */ = {
			isa = PBXGroup;
			children = (
				F6A3F54036DA3B2A61EA7A69 /* Info.plist */,
				931C6039DF565CCAAC99F625 /* LyricSync.entitlements */,
				93B368769D2746AA8FC6CF07 /* Secrets.swift */,
				1D6F6E7B637FCC00D6A6AEC8 /* App */,
				9054EFF7E5D9FDBC312DE96B /* Models */,
				4DB49A39D1DC5361E81E76BB /* Services */,
				A1B23F80BE2D01B12A61C84B /* Shared */,
				367065E50164929BF1486254 /* ViewModels */,
				4B217A26AF0791709344F2C7 /* Views */,
			);
			path = Sources;
			sourceTree = "<group>";
		};
		1D6F6E7B637FCC00D6A6AEC8 /* App */ = {
			isa = PBXGroup;
			children = (
				410838B638613B640B2C35EA /* LyricSyncApp.swift */,
			);
			path = App;
			sourceTree = "<group>";
		};
		367065E50164929BF1486254 /* ViewModels */ = {
			isa = PBXGroup;
			children = (
				F6CFA8437652F0C3FAA415D3 /* Chart */,
				5BF60AABF1F5AAB29467B5B6 /* Player */,
			);
			path = ViewModels;
			sourceTree = "<group>";
		};
		3B755C887093D4DF57790534 /* Translation */ = {
			isa = PBXGroup;
			children = (
				01A75D61D9208373395B2A92 /* TranslationInputView.swift */,
			);
			path = Translation;
			sourceTree = "<group>";
		};
		3D28D9059F395B728E3068D1 /* Settings */ = {
			isa = PBXGroup;
			children = (
				89D6BC76B11AD6A01123C28C /* SettingsView.swift */,
			);
			path = Settings;
			sourceTree = "<group>";
		};
		3D2FDF1D72DEC8BE3CF56DB7 /* Player */ = {
			isa = PBXGroup;
			children = (
				4078ADD2CBB2D795511A9146 /* FullPlayerView.swift */,
				0DDE2B5B5E6CD74D6200139F /* MiniPlayerView.swift */,
			);
			path = Player;
			sourceTree = "<group>";
		};
		3F9C2366158C811062288F89 /* Products */ = {
			isa = PBXGroup;
			children = (
				C94FB79C975509C69FC9B705 /* LyricSync.app */,
			);
			name = Products;
			sourceTree = "<group>";
		};
		4009CB1BA3F691ADC0717944 /* Chart */ = {
			isa = PBXGroup;
			children = (
				5B2A17F832F34AFBB2DA7A0E /* ChartListView.swift */,
				A4092EB534D4C008F088602F /* SongRowView.swift */,
			);
			path = Chart;
			sourceTree = "<group>";
		};
		4B217A26AF0791709344F2C7 /* Views */ = {
			isa = PBXGroup;
			children = (
				893E8BA394877E9EDCD43F31 /* Auth */,
				4009CB1BA3F691ADC0717944 /* Chart */,
				F1901FC45B7EF5C019C7E0E1 /* Components */,
				1B879656AD5890FB27D9631C /* Detail */,
				3D2FDF1D72DEC8BE3CF56DB7 /* Player */,
				3D28D9059F395B728E3068D1 /* Settings */,
				3B755C887093D4DF57790534 /* Translation */,
			);
			path = Views;
			sourceTree = "<group>";
		};
		4DB49A39D1DC5361E81E76BB /* Services */ = {
			isa = PBXGroup;
			children = (
				76411C69CC5C9D7291CE0366 /* AuthService.swift */,
				CE4AC6EB35F4EA82769424A9 /* ChartService.swift */,
				9016F1DBE55F1BADE699B58E /* KeychainService.swift */,
				104DE3B7627C722E619BD114 /* LyricService.swift */,
				A5740767F3397AF81A5E5A49 /* MusicPlayerService.swift */,
				53AC07037D3252DAAF90D526 /* SearchService.swift */,
				64D29B89BB0B4E5EA3B63BF0 /* TranslatedLyricService.swift */,
				57F25AAE6E83E74F3C8A0A57 /* UserTranslationService.swift */,
			);
			path = Services;
			sourceTree = "<group>";
		};
		5BF60AABF1F5AAB29467B5B6 /* Player */ = {
			isa = PBXGroup;
			children = (
				814EB36A95525FEF0AA5EE5C /* PlayerViewModel.swift */,
			);
			path = Player;
			sourceTree = "<group>";
		};
		86ABACFDC80424825D8A844E = {
			isa = PBXGroup;
			children = (
				1C8CF8941A2B71C1B418417F /* Sources */,
				3F9C2366158C811062288F89 /* Products */,
			);
			sourceTree = "<group>";
		};
		893E8BA394877E9EDCD43F31 /* Auth */ = {
			isa = PBXGroup;
			children = (
				07A0B1F43832FFA376ABC00C /* LoginView.swift */,
			);
			path = Auth;
			sourceTree = "<group>";
		};
		9054EFF7E5D9FDBC312DE96B /* Models */ = {
			isa = PBXGroup;
			children = (
				CE53BB3FCBC7E647879DD6D3 /* LyricLine.swift */,
				A5FA77C36D09133392B6CD6A /* LyricState.swift */,
				523B094384BCAEEF93813045 /* Song.swift */,
				5176444F83B7B1D25CD87FDD /* TranslationMode.swift */,
				EC0E3ECA4BB7F09C41060B47 /* UserTranslationLine.swift */,
			);
			path = Models;
			sourceTree = "<group>";
		};
		A1B23F80BE2D01B12A61C84B /* Shared */ = {
			isa = PBXGroup;
			children = (
				51191FABDEDDDBC288730464 /* AppLogger.swift */,
				BA01BB9BC465DB690F3B2580 /* TimeFormatUtil.swift */,
			);
			path = Shared;
			sourceTree = "<group>";
		};
		F1901FC45B7EF5C019C7E0E1 /* Components */ = {
			isa = PBXGroup;
			children = (
				4823F67DD5B720B443112701 /* CachedAsyncImage.swift */,
				71F7FE273C0557D6FB8050D8 /* LyricLineView.swift */,
			);
			path = Components;
			sourceTree = "<group>";
		};
		F6CFA8437652F0C3FAA415D3 /* Chart */ = {
			isa = PBXGroup;
			children = (
				4C84505F86BCEB8EC3E6FA0B /* ChartViewModel.swift */,
			);
			path = Chart;
			sourceTree = "<group>";
		};
/* End PBXGroup section */

/* Begin PBXNativeTarget section */
		7CFD5447653CF43F0C2B934C /* LyricSync */ = {
			isa = PBXNativeTarget;
			buildConfigurationList = E99B50CB08667B12C235118B /* Build configuration list for PBXNativeTarget "LyricSync" */;
			buildPhases = (
				9CC7B920F4C9B3175CA035A3 /* Sources */,
			);
			buildRules = (
			);
			dependencies = (
			);
			name = LyricSync;
			packageProductDependencies = (
			);
			productName = LyricSync;
			productReference = C94FB79C975509C69FC9B705 /* LyricSync.app */;
			productType = "com.apple.product-type.application";
		};
/* End PBXNativeTarget section */

/* Begin PBXProject section */
		27DCAB375A8944EED4403E0C /* Project object */ = {
			isa = PBXProject;
			attributes = {
				BuildIndependentTargetsInParallel = YES;
				LastUpgradeCheck = 1600;
				TargetAttributes = {
					7CFD5447653CF43F0C2B934C = {
						DevelopmentTeam = AHW642SXDF;
						ProvisioningStyle = Automatic;
					};
				};
			};
			buildConfigurationList = 0A43CACACB4BFA004470CA9E /* Build configuration list for PBXProject "LyricSync" */;
			developmentRegion = ko;
			hasScannedForEncodings = 0;
			knownRegions = (
				Base,
				ko,
			);
			mainGroup = 86ABACFDC80424825D8A844E;
			minimizedProjectReferenceProxies = 1;
			preferredProjectObjectVersion = 77;
			productRefGroup = 3F9C2366158C811062288F89 /* Products */;
			projectDirPath = "";
			projectRoot = "";
			targets = (
				7CFD5447653CF43F0C2B934C /* LyricSync */,
			);
		};
/* End PBXProject section */

/* Begin PBXSourcesBuildPhase section */
		9CC7B920F4C9B3175CA035A3 /* Sources */ = {
			isa = PBXSourcesBuildPhase;
			buildActionMask = 2147483647;
			files = (
				94B898778F6A5D0CD25C51E8 /* AppLogger.swift in Sources */,
				9C77FE40D5CE2515F7D3DF30 /* AuthService.swift in Sources */,
				953746B690527AAB8AB16E33 /* CachedAsyncImage.swift in Sources */,
				3924F083ED2D4DB4B38B9E6B /* ChartListView.swift in Sources */,
				276AD4288F29B3FD49591FC0 /* ChartService.swift in Sources */,
				DF625431718CEEBDD6AC3446 /* ChartViewModel.swift in Sources */,
				673BCCD1A311F60FD90154E8 /* FullPlayerView.swift in Sources */,
				30639523F815596766260C9E /* KeychainService.swift in Sources */,
				48218BBEC5ABF9F5F02F2FFB /* LoginView.swift in Sources */,
				9CA730EA2609CD7F0C853403 /* LyricLine.swift in Sources */,
				DDE06C078AAC3DA41FC2D53C /* LyricLineView.swift in Sources */,
				14EA7F13ADD3A5FE534720F6 /* LyricService.swift in Sources */,
				3561B4C37AD5E6A919C2DB41 /* LyricState.swift in Sources */,
				B5AAD7BCBC2CC7820B47D7C0 /* LyricSyncApp.swift in Sources */,
				803835335A7B55F429E5A02F /* MiniPlayerView.swift in Sources */,
				59EA866EC978A913FC126145 /* MusicPlayerService.swift in Sources */,
				880C6B6C35A5F630B2F0CACE /* PlayerViewModel.swift in Sources */,
				346C9E27177EB9EFEF5CE666 /* SearchService.swift in Sources */,
				5D7AD9F25341A2F9A90508D4 /* Secrets.swift in Sources */,
				0D494682CBE48EED23E39884 /* SettingsView.swift in Sources */,
				D99817495EF00801611BDD8F /* Song.swift in Sources */,
				AC33964236729C888B72A1D9 /* SongDetailView.swift in Sources */,
				7A8B0342F0CA31608084365B /* SongRowView.swift in Sources */,
				5051181509AB78E1A88769AA /* TimeFormatUtil.swift in Sources */,
				09E1B73625A7763A1540B439 /* TranslatedLyricService.swift in Sources */,
				6AED2C5069ECD44864DE6D30 /* TranslationInputView.swift in Sources */,
				C6F8475D5D2BD70C678CE6DB /* TranslationMode.swift in Sources */,
				9C17C3D918A455E7543C0E6D /* UserTranslationLine.swift in Sources */,
				CE51CBA48C0AE9CF6C765513 /* UserTranslationService.swift in Sources */,
			);
			runOnlyForDeploymentPostprocessing = 0;
		};
/* End PBXSourcesBuildPhase section */

/* Begin XCBuildConfiguration section */
		11C46FC86FB84F18045D3416 /* Debug */ = {
			isa = XCBuildConfiguration;
			buildSettings = {
				ASSETCATALOG_COMPILER_APPICON_NAME = AppIcon;
				CODE_SIGN_ENTITLEMENTS = Sources/LyricSync.entitlements;
				CODE_SIGN_IDENTITY = "iPhone Developer";
				INFOPLIST_FILE = Sources/Info.plist;
				IPHONEOS_DEPLOYMENT_TARGET = 17.0;
				LD_RUNPATH_SEARCH_PATHS = (
					"$(inherited)",
					"@executable_path/Frameworks",
				);
				PRODUCT_BUNDLE_IDENTIFIER = com.nahun.LyricSync;
				SDKROOT = iphoneos;
				SWIFT_VERSION = 6.0;
				TARGETED_DEVICE_FAMILY = "1,2";
			};
			name = Debug;
		};
		D8FCECE33B389ECB3102DD8C /* Debug */ = {
			isa = XCBuildConfiguration;
			buildSettings = {
				ALWAYS_SEARCH_USER_PATHS = NO;
				CLANG_ANALYZER_NONNULL = YES;
				CLANG_ANALYZER_NUMBER_OBJECT_CONVERSION = YES_AGGRESSIVE;
				CLANG_CXX_LANGUAGE_STANDARD = "gnu++14";
				CLANG_CXX_LIBRARY = "libc++";
				CLANG_ENABLE_MODULES = YES;
				CLANG_ENABLE_OBJC_ARC = YES;
				CLANG_ENABLE_OBJC_WEAK = YES;
				CLANG_WARN_BLOCK_CAPTURE_AUTORELEASING = YES;
				CLANG_WARN_BOOL_CONVERSION = YES;
				CLANG_WARN_COMMA = YES;
				CLANG_WARN_CONSTANT_CONVERSION = YES;
				CLANG_WARN_DEPRECATED_OBJC_IMPLEMENTATIONS = YES;
				CLANG_WARN_DIRECT_OBJC_ISA_USAGE = YES_ERROR;
				CLANG_WARN_DOCUMENTATION_COMMENTS = YES;
				CLANG_WARN_EMPTY_BODY = YES;
				CLANG_WARN_ENUM_CONVERSION = YES;
				CLANG_WARN_INFINITE_RECURSION = YES;
				CLANG_WARN_INT_CONVERSION = YES;
				CLANG_WARN_NON_LITERAL_NULL_CONVERSION = YES;
				CLANG_WARN_OBJC_IMPLICIT_RETAIN_SELF = YES;
				CLANG_WARN_OBJC_LITERAL_CONVERSION = YES;
				CLANG_WARN_OBJC_ROOT_CLASS = YES_ERROR;
				CLANG_WARN_QUOTED_INCLUDE_IN_FRAMEWORK_HEADER = YES;
				CLANG_WARN_RANGE_LOOP_ANALYSIS = YES;
				CLANG_WARN_STRICT_PROTOTYPES = YES;
				CLANG_WARN_SUSPICIOUS_MOVE = YES;
				CLANG_WARN_UNGUARDED_AVAILABILITY = YES_AGGRESSIVE;
				CLANG_WARN_UNREACHABLE_CODE = YES;
				CLANG_WARN__DUPLICATE_METHOD_MATCH = YES;
				CODE_SIGN_STYLE = Automatic;
				COPY_PHASE_STRIP = NO;
				CURRENT_PROJECT_VERSION = 1;
				DEBUG_INFORMATION_FORMAT = dwarf;
				DEVELOPMENT_TEAM = AHW642SXDF;
				ENABLE_HARDENED_RUNTIME = YES;
				ENABLE_STRICT_OBJC_MSGSEND = YES;
				ENABLE_TESTABILITY = YES;
				GCC_C_LANGUAGE_STANDARD = gnu11;
				GCC_DYNAMIC_NO_PIC = NO;
				GCC_NO_COMMON_BLOCKS = YES;
				GCC_OPTIMIZATION_LEVEL = 0;
				GCC_PREPROCESSOR_DEFINITIONS = (
					"$(inherited)",
					"DEBUG=1",
				);
				GCC_WARN_64_TO_32_BIT_CONVERSION = YES;
				GCC_WARN_ABOUT_RETURN_TYPE = YES_ERROR;
				GCC_WARN_UNDECLARED_SELECTOR = YES;
				GCC_WARN_UNINITIALIZED_AUTOS = YES_AGGRESSIVE;
				GCC_WARN_UNUSED_FUNCTION = YES;
				GCC_WARN_UNUSED_VARIABLE = YES;
				IPHONEOS_DEPLOYMENT_TARGET = 17.0;
				MARKETING_VERSION = 1.0.0;
				MTL_ENABLE_DEBUG_INFO = INCLUDE_SOURCE;
				MTL_FAST_MATH = YES;
				ONLY_ACTIVE_ARCH = YES;
				PRODUCT_NAME = "$(TARGET_NAME)";
				SDKROOT = iphoneos;
				SWIFT_ACTIVE_COMPILATION_CONDITIONS = DEBUG;
				SWIFT_OPTIMIZATION_LEVEL = "-Onone";
				SWIFT_VERSION = 6.0;
			};
			name = Debug;
		};
		DF40C97E8D001E9352C0C93A /* Release */ = {
			isa = XCBuildConfiguration;
			buildSettings = {
				ASSETCATALOG_COMPILER_APPICON_NAME = AppIcon;
				CODE_SIGN_ENTITLEMENTS = Sources/LyricSync.entitlements;
				CODE_SIGN_IDENTITY = "iPhone Developer";
				INFOPLIST_FILE = Sources/Info.plist;
				IPHONEOS_DEPLOYMENT_TARGET = 17.0;
				LD_RUNPATH_SEARCH_PATHS = (
					"$(inherited)",
					"@executable_path/Frameworks",
				);
				PRODUCT_BUNDLE_IDENTIFIER = com.nahun.LyricSync;
				SDKROOT = iphoneos;
				SWIFT_VERSION = 6.0;
				TARGETED_DEVICE_FAMILY = "1,2";
			};
			name = Release;
		};
		F0FDA3D0D8DB330DD832A3B8 /* Release */ = {
			isa = XCBuildConfiguration;
			buildSettings = {
				ALWAYS_SEARCH_USER_PATHS = NO;
				CLANG_ANALYZER_NONNULL = YES;
				CLANG_ANALYZER_NUMBER_OBJECT_CONVERSION = YES_AGGRESSIVE;
				CLANG_CXX_LANGUAGE_STANDARD = "gnu++14";
				CLANG_CXX_LIBRARY = "libc++";
				CLANG_ENABLE_MODULES = YES;
				CLANG_ENABLE_OBJC_ARC = YES;
				CLANG_ENABLE_OBJC_WEAK = YES;
				CLANG_WARN_BLOCK_CAPTURE_AUTORELEASING = YES;
				CLANG_WARN_BOOL_CONVERSION = YES;
				CLANG_WARN_COMMA = YES;
				CLANG_WARN_CONSTANT_CONVERSION = YES;
				CLANG_WARN_DEPRECATED_OBJC_IMPLEMENTATIONS = YES;
				CLANG_WARN_DIRECT_OBJC_ISA_USAGE = YES_ERROR;
				CLANG_WARN_DOCUMENTATION_COMMENTS = YES;
				CLANG_WARN_EMPTY_BODY = YES;
				CLANG_WARN_ENUM_CONVERSION = YES;
				CLANG_WARN_INFINITE_RECURSION = YES;
				CLANG_WARN_INT_CONVERSION = YES;
				CLANG_WARN_NON_LITERAL_NULL_CONVERSION = YES;
				CLANG_WARN_OBJC_IMPLICIT_RETAIN_SELF = YES;
				CLANG_WARN_OBJC_LITERAL_CONVERSION = YES;
				CLANG_WARN_OBJC_ROOT_CLASS = YES_ERROR;
				CLANG_WARN_QUOTED_INCLUDE_IN_FRAMEWORK_HEADER = YES;
				CLANG_WARN_RANGE_LOOP_ANALYSIS = YES;
				CLANG_WARN_STRICT_PROTOTYPES = YES;
				CLANG_WARN_SUSPICIOUS_MOVE = YES;
				CLANG_WARN_UNGUARDED_AVAILABILITY = YES_AGGRESSIVE;
				CLANG_WARN_UNREACHABLE_CODE = YES;
				CLANG_WARN__DUPLICATE_METHOD_MATCH = YES;
				CODE_SIGN_STYLE = Automatic;
				COPY_PHASE_STRIP = NO;
				CURRENT_PROJECT_VERSION = 1;
				DEBUG_INFORMATION_FORMAT = "dwarf-with-dsym";
				DEVELOPMENT_TEAM = AHW642SXDF;
				ENABLE_HARDENED_RUNTIME = YES;
				ENABLE_NS_ASSERTIONS = NO;
				ENABLE_STRICT_OBJC_MSGSEND = YES;
				GCC_C_LANGUAGE_STANDARD = gnu11;
				GCC_NO_COMMON_BLOCKS = YES;
				GCC_WARN_64_TO_32_BIT_CONVERSION = YES;
				GCC_WARN_ABOUT_RETURN_TYPE = YES_ERROR;
				GCC_WARN_UNDECLARED_SELECTOR = YES;
				GCC_WARN_UNINITIALIZED_AUTOS = YES_AGGRESSIVE;
				GCC_WARN_UNUSED_FUNCTION = YES;
				GCC_WARN_UNUSED_VARIABLE = YES;
				IPHONEOS_DEPLOYMENT_TARGET = 17.0;
				MARKETING_VERSION = 1.0.0;
				MTL_ENABLE_DEBUG_INFO = NO;
				MTL_FAST_MATH = YES;
				PRODUCT_NAME = "$(TARGET_NAME)";
				SDKROOT = iphoneos;
				SWIFT_COMPILATION_MODE = wholemodule;
				SWIFT_OPTIMIZATION_LEVEL = "-O";
				SWIFT_VERSION = 6.0;
			};
			name = Release;
		};
/* End XCBuildConfiguration section */

/* Begin XCConfigurationList section */
		0A43CACACB4BFA004470CA9E /* Build configuration list for PBXProject "LyricSync" */ = {
			isa = XCConfigurationList;
			buildConfigurations = (
				D8FCECE33B389ECB3102DD8C /* Debug */,
				F0FDA3D0D8DB330DD832A3B8 /* Release */,
			);
			defaultConfigurationIsVisible = 0;
			defaultConfigurationName = Debug;
		};
		E99B50CB08667B12C235118B /* Build configuration list for PBXNativeTarget "LyricSync" */ = {
			isa = XCConfigurationList;
			buildConfigurations = (
				11C46FC86FB84F18045D3416 /* Debug */,
				DF40C97E8D001E9352C0C93A /* Release */,
			);
			defaultConfigurationIsVisible = 0;
			defaultConfigurationName = Debug;
		};
/* End XCConfigurationList section */
	};
	rootObject = 27DCAB375A8944EED4403E0C /* Project object */;
}
